<Solution>
  <Project Path="RestaurantOps.Business/RestaurantOps.Business.csproj" />
  <Project Path="RestaurantOps.Data/RestaurantOps.Data.csproj" />
  <Project Path="RestaurantOps.Infrastructure/RestaurantOps.Infrastructure.csproj" />
  <Project Path="RestaurantOps.Models/RestaurantOps.Models.csproj" />
  <Project Path="RestaurantOps.Web/RestaurantOps.Web.csproj" />
</Solution>
